
Microsoft Visual Studio Solution File, Format Version 12.00
# Visual Studio 15
VisualStudioVersion = 15.0.28307.271
MinimumVisualStudioVersion = 10.0.40219.1
Project("{FAE04EC0-301F-11D3-BF4B-00C04F79EFBC}") = "Tarea6", "Tarea6\Tarea6.csproj", "{578ED9E2-A89E-43DA-950B-1FDD375CA9C8}"
EndProject
Global
	GlobalSection(SolutionConfigurationPlatforms) = preSolution
		Debug|Any CPU = Debug|Any CPU
		Release|Any CPU = Release|Any CPU
	EndGlobalSection
	GlobalSection(ProjectConfigurationPlatforms) = postSolution
		{578ED9E2-A89E-43DA-950B-1FDD375CA9C8}.Debug|Any CPU.ActiveCfg = Debug|Any CPU
		{578ED9E2-A89E-43DA-950B-1FDD375CA9C8}.Debug|Any CPU.Build.0 = Debug|Any CPU
		{578ED9E2-A89E-43DA-950B-1FDD375CA9C8}.Release|Any CPU.ActiveCfg = Release|Any CPU
		{578ED9E2-A89E-43DA-950B-1FDD375CA9C8}.Release|Any CPU.Build.0 = Release|Any CPU
	EndGlobalSection
	GlobalSection(SolutionProperties) = preSolution
		HideSolutionNode = FALSE
	EndGlobalSection
	GlobalSection(ExtensibilityGlobals) = postSolution
		SolutionGuid = {DB83BC72-3FA8-490F-8750-C36C012A7246}
	EndGlobalSection
EndGlobal
